// !$*UTF8*$!
{
	archiveVersion = 1;
	classes = {
	};
	objectVersion = 56;
	objects = {

/* Begin PBXBuildFile section */
		DB9DC1FD2BCB2E2800030EB8 /* ViewController.swift in Sources */ = {isa = PBXBuildFile; fileRef = DBA552032BBF0FDC0071A2DC /* ViewController.swift */; };
		DBA552002BBF0FDC0071A2DC /* AppDelegate.swift in Sources */ = {isa = PBXBuildFile; fileRef = DBA551FF2BBF0FDC0071A2DC /* AppDelegate.swift */; };
		DBA552022BBF0FDC0071A2DC /* SceneDelegate.swift in Sources */ = {isa = PBXBuildFile; fileRef = DBA552012BBF0FDC0071A2DC /* SceneDelegate.swift */; };
		DBA552072BBF0FDC0071A2DC /* Main.storyboard in Resources */ = {isa = PBXBuildFile; fileRef = DBA552052BBF0FDC0071A2DC /* Main.storyboard */; };
		DBA5520C2BBF0FDE0071A2DC /* Assets.xcassets in Resources */ = {isa = PBXBuildFile; fileRef = DBA5520B2BBF0FDE0071A2DC /* Assets.xcassets */; };
		DBA5520F2BBF0FDE0071A2DC /* LaunchScreen.storyboard in Resources */ = {isa = PBXBuildFile; fileRef = DBA5520D2BBF0FDE0071A2DC /* LaunchScreen.storyboard */; };
		DBA552362BBF10DF0071A2DC /* Layout 2@3x.png in Resources */ = {isa = PBXBuildFile; fileRef = DBA5521C2BBF10DE0071A2DC /* Layout 2@3x.png */; };
		DBA552382BBF10DF0071A2DC /* Instagrid@3x.png in Resources */ = {isa = PBXBuildFile; fileRef = DBA5521E2BBF10DE0071A2DC /* Instagrid@3x.png */; };
		DBA552392BBF10DF0071A2DC /* Icon@3x.png in Resources */ = {isa = PBXBuildFile; fileRef = DBA5521F2BBF10DE0071A2DC /* Icon@3x.png */; };
		DBA5523C2BBF10DF0071A2DC /* Arrow Left@3x.png in Resources */ = {isa = PBXBuildFile; fileRef = DBA552222BBF10DE0071A2DC /* Arrow Left@3x.png */; };
		DBA5523D2BBF10DF0071A2DC /* Arrow Up@3x.png in Resources */ = {isa = PBXBuildFile; fileRef = DBA552232BBF10DE0071A2DC /* Arrow Up@3x.png */; };
		DBA552412BBF10DF0071A2DC /* Layout 1@2x.png in Resources */ = {isa = PBXBuildFile; fileRef = DBA552272BBF10DE0071A2DC /* Layout 1@2x.png */; };
		DBA552432BBF10DF0071A2DC /* Plus@3x.png in Resources */ = {isa = PBXBuildFile; fileRef = DBA552292BBF10DE0071A2DC /* Plus@3x.png */; };
		DBA552452BBF10DF0071A2DC /* Selected@3x.png in Resources */ = {isa = PBXBuildFile; fileRef = DBA5522B2BBF10DE0071A2DC /* Selected@3x.png */; };
		DBA552472BBF10DF0071A2DC /* Layout 3@3x.png in Resources */ = {isa = PBXBuildFile; fileRef = DBA5522D2BBF10DE0071A2DC /* Layout 3@3x.png */; };
		DBA5524C2BBF1A100071A2DC /* ThirstySoftRegular.otf in Resources */ = {isa = PBXBuildFile; fileRef = DBA5524A2BBF1A100071A2DC /* ThirstySoftRegular.otf */; };
		DBA5524D2BBF1A100071A2DC /* Delm-Medium.otf in Resources */ = {isa = PBXBuildFile; fileRef = DBA5524B2BBF1A100071A2DC /* Delm-Medium.otf */; };
/* End PBXBuildFile section */

/* Begin PBXFileReference section */
		DBA551FC2BBF0FDC0071A2DC /* InstagridLastVersion.app */ = {isa = PBXFileReference; explicitFileType = wrapper.application; includeInIndex = 0; path = InstagridLastVersion.app; sourceTree = BUILT_PRODUCTS_DIR; };
		DBA551FF2BBF0FDC0071A2DC /* AppDelegate.swift */ = {isa = PBXFileReference; lastKnownFileType = sourcecode.swift; path = AppDelegate.swift; sourceTree = "<group>"; };
		DBA552012BBF0FDC0071A2DC /* SceneDelegate.swift */ = {isa = PBXFileReference; lastKnownFileType = sourcecode.swift; path = SceneDelegate.swift; sourceTree = "<group>"; };
		DBA552032BBF0FDC0071A2DC /* ViewController.swift */ = {isa = PBXFileReference; lastKnownFileType = sourcecode.swift; path = ViewController.swift; sourceTree = "<group>"; };
		DBA552062BBF0FDC0071A2DC /* Base */ = {isa = PBXFileReference; lastKnownFileType = file.storyboard; name = Base; path = Base.lproj/Main.storyboard; sourceTree = "<group>"; };
		DBA5520B2BBF0FDE0071A2DC /* Assets.xcassets */ = {isa = PBXFileReference; lastKnownFileType = folder.assetcatalog; path = Assets.xcassets; sourceTree = "<group>"; };
		DBA5520E2BBF0FDE0071A2DC /* Base */ = {isa = PBXFileReference; lastKnownFileType = file.storyboard; name = Base; path = Base.lproj/LaunchScreen.storyboard; sourceTree = "<group>"; };
		DBA552102BBF0FDE0071A2DC /* Info.plist */ = {isa = PBXFileReference; lastKnownFileType = text.plist.xml; path = Info.plist; sourceTree = "<group>"; };
		DBA5521C2BBF10DE0071A2DC /* Layout 2@3x.png */ = {isa = PBXFileReference; lastKnownFileType = image.png; path = "Layout 2@3x.png"; sourceTree = "<group>"; };
		DBA5521E2BBF10DE0071A2DC /* Instagrid@3x.png */ = {isa = PBXFileReference; lastKnownFileType = image.png; path = "Instagrid@3x.png"; sourceTree = "<group>"; };
		DBA5521F2BBF10DE0071A2DC /* Icon@3x.png */ = {isa = PBXFileReference; lastKnownFileType = image.png; path = "Icon@3x.png"; sourceTree = "<group>"; };
		DBA552222BBF10DE0071A2DC /* Arrow Left@3x.png */ = {isa = PBXFileReference; lastKnownFileType = image.png; path = "Arrow Left@3x.png"; sourceTree = "<group>"; };
		DBA552232BBF10DE0071A2DC /* Arrow Up@3x.png */ = {isa = PBXFileReference; lastKnownFileType = image.png; path = "Arrow Up@3x.png"; sourceTree = "<group>"; };
		DBA552272BBF10DE0071A2DC /* Layout 1@2x.png */ = {isa = PBXFileReference; lastKnownFileType = image.png; path = "Layout 1@2x.png"; sourceTree = "<group>"; };
		DBA552292BBF10DE0071A2DC /* Plus@3x.png */ = {isa = PBXFileReference; lastKnownFileType = image.png; path = "Plus@3x.png"; sourceTree = "<group>"; };
		DBA5522B2BBF10DE0071A2DC /* Selected@3x.png */ = {isa = PBXFileReference; lastKnownFileType = image.png; path = "Selected@3x.png"; sourceTree = "<group>"; };
		DBA5522D2BBF10DE0071A2DC /* Layout 3@3x.png */ = {isa = PBXFileReference; lastKnownFileType = image.png; path = "Layout 3@3x.png"; sourceTree = "<group>"; };
		DBA5524A2BBF1A100071A2DC /* ThirstySoftRegular.otf */ = {isa = PBXFileReference; lastKnownFileType = file; path = ThirstySoftRegular.otf; sourceTree = "<group>"; };
		DBA5524B2BBF1A100071A2DC /* Delm-Medium.otf */ = {isa = PBXFileReference; lastKnownFileType = file; path = "Delm-Medium.otf"; sourceTree = "<group>"; };
/* End PBXFileReference section */

/* Begin PBXFrameworksBuildPhase section */
		DBA551F92BBF0FDC0071A2DC /* Frameworks */ = {
			isa = PBXFrameworksBuildPhase;
			buildActionMask = 2147483647;
			files = (
			);
			runOnlyForDeploymentPostprocessing = 0;
		};
/* End PBXFrameworksBuildPhase section */

/* Begin PBXGroup section */
		DBA551F32BBF0FDC0071A2DC = {
			isa = PBXGroup;
			children = (
				DBA551FE2BBF0FDC0071A2DC /* InstagridLastVersion */,
				DBA551FD2BBF0FDC0071A2DC /* Products */,
			);
			sourceTree = "<group>";
		};
		DBA551FD2BBF0FDC0071A2DC /* Products */ = {
			isa = PBXGroup;
			children = (
				DBA551FC2BBF0FDC0071A2DC /* InstagridLastVersion.app */,
			);
			name = Products;
			sourceTree = "<group>";
		};
		DBA551FE2BBF0FDC0071A2DC /* InstagridLastVersion */ = {
			isa = PBXGroup;
			children = (
				DBA551FF2BBF0FDC0071A2DC /* AppDelegate.swift */,
				DBA552012BBF0FDC0071A2DC /* SceneDelegate.swift */,
				DBA552052BBF0FDC0071A2DC /* Main.storyboard */,
				DBA5520B2BBF0FDE0071A2DC /* Assets.xcassets */,
				DBA552032BBF0FDC0071A2DC /* ViewController.swift */,
				DBA5524B2BBF1A100071A2DC /* Delm-Medium.otf */,
				DBA5524A2BBF1A100071A2DC /* ThirstySoftRegular.otf */,
				DBA552222BBF10DE0071A2DC /* Arrow Left@3x.png */,
				DBA552232BBF10DE0071A2DC /* Arrow Up@3x.png */,
				DBA5521F2BBF10DE0071A2DC /* Icon@3x.png */,
				DBA5521E2BBF10DE0071A2DC /* Instagrid@3x.png */,
				DBA552272BBF10DE0071A2DC /* Layout 1@2x.png */,
				DBA5521C2BBF10DE0071A2DC /* Layout 2@3x.png */,
				DBA5522D2BBF10DE0071A2DC /* Layout 3@3x.png */,
				DBA5522B2BBF10DE0071A2DC /* Selected@3x.png */,
				DBA5520D2BBF0FDE0071A2DC /* LaunchScreen.storyboard */,
				DBA552102BBF0FDE0071A2DC /* Info.plist */,
				DBA552292BBF10DE0071A2DC /* Plus@3x.png */,
			);
			path = InstagridLastVersion;
			sourceTree = "<group>";
		};
/* End PBXGroup section */

/* Begin PBXNativeTarget section */
		DBA551FB2BBF0FDC0071A2DC /* InstagridLastVersion */ = {
			isa = PBXNativeTarget;
			buildConfigurationList = DBA552132BBF0FDE0071A2DC /* Build configuration list for PBXNativeTarget "InstagridLastVersion" */;
			buildPhases = (
				DBA551F82BBF0FDC0071A2DC /* Sources */,
				DBA551F92BBF0FDC0071A2DC /* Frameworks */,
				DBA551FA2BBF0FDC0071A2DC /* Resources */,
			);
			buildRules = (
			);
			dependencies = (
			);
			name = InstagridLastVersion;
			productName = InstagridLastVersion;
			productReference = DBA551FC2BBF0FDC0071A2DC /* InstagridLastVersion.app */;
			productType = "com.apple.product-type.application";
		};
/* End PBXNativeTarget section */

/* Begin PBXProject section */
		DBA551F42BBF0FDC0071A2DC /* Project object */ = {
			isa = PBXProject;
			attributes = {
				BuildIndependentTargetsInParallel = 1;
				LastSwiftUpdateCheck = 1500;
				LastUpgradeCheck = 1500;
				TargetAttributes = {
					DBA551FB2BBF0FDC0071A2DC = {
						CreatedOnToolsVersion = 15.0.1;
					};
				};
			};
			buildConfigurationList = DBA551F72BBF0FDC0071A2DC /* Build configuration list for PBXProject "InstagridLastVersion" */;
			compatibilityVersion = "Xcode 14.0";
			developmentRegion = en;
			hasScannedForEncodings = 0;
			knownRegions = (
				en,
				Base,
			);
			mainGroup = DBA551F32BBF0FDC0071A2DC;
			productRefGroup = DBA551FD2BBF0FDC0071A2DC /* Products */;
			projectDirPath = "";
			projectRoot = "";
			targets = (
				DBA551FB2BBF0FDC0071A2DC /* InstagridLastVersion */,
			);
		};
/* End PBXProject section */

/* Begin PBXResourcesBuildPhase section */
		DBA551FA2BBF0FDC0071A2DC /* Resources */ = {
			isa = PBXResourcesBuildPhase;
			buildActionMask = 2147483647;
			files = (
				DBA552432BBF10DF0071A2DC /* Plus@3x.png in Resources */,
				DBA552412BBF10DF0071A2DC /* Layout 1@2x.png in Resources */,
				DBA552472BBF10DF0071A2DC /* Layout 3@3x.png in Resources */,
				DBA5520F2BBF0FDE0071A2DC /* LaunchScreen.storyboard in Resources */,
				DBA5523C2BBF10DF0071A2DC /* Arrow Left@3x.png in Resources */,
				DBA5520C2BBF0FDE0071A2DC /* Assets.xcassets in Resources */,
				DBA5524C2BBF1A100071A2DC /* ThirstySoftRegular.otf in Resources */,
				DBA5524D2BBF1A100071A2DC /* Delm-Medium.otf in Resources */,
				DBA5523D2BBF10DF0071A2DC /* Arrow Up@3x.png in Resources */,
				DBA552452BBF10DF0071A2DC /* Selected@3x.png in Resources */,
				DBA552392BBF10DF0071A2DC /* Icon@3x.png in Resources */,
				DBA552362BBF10DF0071A2DC /* Layout 2@3x.png in Resources */,
				DBA552072BBF0FDC0071A2DC /* Main.storyboard in Resources */,
				DBA552382BBF10DF0071A2DC /* Instagrid@3x.png in Resources */,
			);
			runOnlyForDeploymentPostprocessing = 0;
		};
/* End PBXResourcesBuildPhase section */

/* Begin PBXSourcesBuildPhase section */
		DBA551F82BBF0FDC0071A2DC /* Sources */ = {
			isa = PBXSourcesBuildPhase;
			buildActionMask = 2147483647;
			files = (
				DB9DC1FD2BCB2E2800030EB8 /* ViewController.swift in Sources */,
				DBA552002BBF0FDC0071A2DC /* AppDelegate.swift in Sources */,
				DBA552022BBF0FDC0071A2DC /* SceneDelegate.swift in Sources */,
			);
			runOnlyForDeploymentPostprocessing = 0;
		};
/* End PBXSourcesBuildPhase section */

/* Begin PBXVariantGroup section */
		DBA552052BBF0FDC0071A2DC /* Main.storyboard */ = {
			isa = PBXVariantGroup;
			children = (
				DBA552062BBF0FDC0071A2DC /* Base */,
			);
			name = Main.storyboard;
			sourceTree = "<group>";
		};
		DBA5520D2BBF0FDE0071A2DC /* LaunchScreen.storyboard */ = {
			isa = PBXVariantGroup;
			children = (
				DBA5520E2BBF0FDE0071A2DC /* Base */,
			);
			name = LaunchScreen.storyboard;
			sourceTree = "<group>";
		};
/* End PBXVariantGroup section */

/* Begin XCBuildConfiguration section */
		DBA552112BBF0FDE0071A2DC /* Debug */ = {
			isa = XCBuildConfiguration;
			buildSettings = {
				ALWAYS_SEARCH_USER_PATHS = NO;
				ASSETCATALOG_COMPILER_GENERATE_SWIFT_ASSET_SYMBOL_EXTENSIONS = YES;
				CLANG_ANALYZER_NONNULL = YES;
				CLANG_ANALYZER_NUMBER_OBJECT_CONVERSION = YES_AGGRESSIVE;
				CLANG_CXX_LANGUAGE_STANDARD = "gnu++20";
				CLANG_ENABLE_MODULES = YES;
				CLANG_ENABLE_OBJC_ARC = YES;
				CLANG_ENABLE_OBJC_WEAK = YES;
				CLANG_WARN_BLOCK_CAPTURE_AUTORELEASING = YES;
				CLANG_WARN_BOOL_CONVERSION = YES;
				CLANG_WARN_COMMA = YES;
				CLANG_WARN_CONSTANT_CONVERSION = YES;
				CLANG_WARN_DEPRECATED_OBJC_IMPLEMENTATIONS = YES;
				CLANG_WARN_DIRECT_OBJC_ISA_USAGE = YES_ERROR;
				CLANG_WARN_DOCUMENTATION_COMMENTS = YES;
				CLANG_WARN_EMPTY_BODY = YES;
				CLANG_WARN_ENUM_CONVERSION = YES;
				CLANG_WARN_INFINITE_RECURSION = YES;
				CLANG_WARN_INT_CONVERSION = YES;
				CLANG_WARN_NON_LITERAL_NULL_CONVERSION = YES;
				CLANG_WARN_OBJC_IMPLICIT_RETAIN_SELF = YES;
				CLANG_WARN_OBJC_LITERAL_CONVERSION = YES;
				CLANG_WARN_OBJC_ROOT_CLASS = YES_ERROR;
				CLANG_WARN_QUOTED_INCLUDE_IN_FRAMEWORK_HEADER = YES;
				CLANG_WARN_RANGE_LOOP_ANALYSIS = YES;
				CLANG_WARN_STRICT_PROTOTYPES = YES;
				CLANG_WARN_SUSPICIOUS_MOVE = YES;
				CLANG_WARN_UNGUARDED_AVAILABILITY = YES_AGGRESSIVE;
				CLANG_WARN_UNREACHABLE_CODE = YES;
				CLANG_WARN__DUPLICATE_METHOD_MATCH = YES;
				COPY_PHASE_STRIP = NO;
				DEBUG_INFORMATION_FORMAT = dwarf;
				ENABLE_STRICT_OBJC_MSGSEND = YES;
				ENABLE_TESTABILITY = YES;
				ENABLE_USER_SCRIPT_SANDBOXING = YES;
				GCC_C_LANGUAGE_STANDARD = gnu17;
				GCC_DYNAMIC_NO_PIC = NO;
				GCC_NO_COMMON_BLOCKS = YES;
				GCC_OPTIMIZATION_LEVEL = 0;
				GCC_PREPROCESSOR_DEFINITIONS = (
					"DEBUG=1",
					"$(inherited)",
				);
				GCC_WARN_64_TO_32_BIT_CONVERSION = YES;
				GCC_WARN_ABOUT_RETURN_TYPE = YES_ERROR;
				GCC_WARN_UNDECLARED_SELECTOR = YES;
				GCC_WARN_UNINITIALIZED_AUTOS = YES_AGGRESSIVE;
				GCC_WARN_UNUSED_FUNCTION = YES;
				GCC_WARN_UNUSED_VARIABLE = YES;
				IPHONEOS_DEPLOYMENT_TARGET = 17.0;
				LOCALIZATION_PREFERS_STRING_CATALOGS = YES;
				MTL_ENABLE_DEBUG_INFO = INCLUDE_SOURCE;
				MTL_FAST_MATH = YES;
				ONLY_ACTIVE_ARCH = YES;
				SDKROOT = iphoneos;
				SWIFT_ACTIVE_COMPILATION_CONDITIONS = "DEBUG $(inherited)";
				SWIFT_OPTIMIZATION_LEVEL = "-Onone";
			};
			name = Debug;
		};
		DBA552122BBF0FDE0071A2DC /* Release */ = {
			isa = XCBuildConfiguration;
			buildSettings = {
				ALWAYS_SEARCH_USER_PATHS = NO;
				ASSETCATALOG_COMPILER_GENERATE_SWIFT_ASSET_SYMBOL_EXTENSIONS = YES;
				CLANG_ANALYZER_NONNULL = YES;
				CLANG_ANALYZER_NUMBER_OBJECT_CONVERSION = YES_AGGRESSIVE;
				CLANG_CXX_LANGUAGE_STANDARD = "gnu++20";
				CLANG_ENABLE_MODULES = YES;
				CLANG_ENABLE_OBJC_ARC = YES;
				CLANG_ENABLE_OBJC_WEAK = YES;
				CLANG_WARN_BLOCK_CAPTURE_AUTORELEASING = YES;
				CLANG_WARN_BOOL_CONVERSION = YES;
				CLANG_WARN_COMMA = YES;
				CLANG_WARN_CONSTANT_CONVERSION = YES;
				CLANG_WARN_DEPRECATED_OBJC_IMPLEMENTATIONS = YES;
				CLANG_WARN_DIRECT_OBJC_ISA_USAGE = YES_ERROR;
				CLANG_WARN_DOCUMENTATION_COMMENTS = YES;
				CLANG_WARN_EMPTY_BODY = YES;
				CLANG_WARN_ENUM_CONVERSION = YES;
				CLANG_WARN_INFINITE_RECURSION = YES;
				CLANG_WARN_INT_CONVERSION = YES;
				CLANG_WARN_NON_LITERAL_NULL_CONVERSION = YES;
				CLANG_WARN_OBJC_IMPLICIT_RETAIN_SELF = YES;
				CLANG_WARN_OBJC_LITERAL_CONVERSION = YES;
				CLANG_WARN_OBJC_ROOT_CLASS = YES_ERROR;
				CLANG_WARN_QUOTED_INCLUDE_IN_FRAMEWORK_HEADER = YES;
				CLANG_WARN_RANGE_LOOP_ANALYSIS = YES;
				CLANG_WARN_STRICT_PROTOTYPES = YES;
				CLANG_WARN_SUSPICIOUS_MOVE = YES;
				CLANG_WARN_UNGUARDED_AVAILABILITY = YES_AGGRESSIVE;
				CLANG_WARN_UNREACHABLE_CODE = YES;
				CLANG_WARN__DUPLICATE_METHOD_MATCH = YES;
				COPY_PHASE_STRIP = NO;
				DEBUG_INFORMATION_FORMAT = "dwarf-with-dsym";
				ENABLE_NS_ASSERTIONS = NO;
				ENABLE_STRICT_OBJC_MSGSEND = YES;
				ENABLE_USER_SCRIPT_SANDBOXING = YES;
				GCC_C_LANGUAGE_STANDARD = gnu17;
				GCC_NO_COMMON_BLOCKS = YES;
				GCC_WARN_64_TO_32_BIT_CONVERSION = YES;
				GCC_WARN_ABOUT_RETURN_TYPE = YES_ERROR;
				GCC_WARN_UNDECLARED_SELECTOR = YES;
				GCC_WARN_UNINITIALIZED_AUTOS = YES_AGGRESSIVE;
				GCC_WARN_UNUSED_FUNCTION = YES;
				GCC_WARN_UNUSED_VARIABLE = YES;
				IPHONEOS_DEPLOYMENT_TARGET = 17.0;
				LOCALIZATION_PREFERS_STRING_CATALOGS = YES;
				MTL_ENABLE_DEBUG_INFO = NO;
				MTL_FAST_MATH = YES;
				SDKROOT = iphoneos;
				SWIFT_COMPILATION_MODE = wholemodule;
				VALIDATE_PRODUCT = YES;
			};
			name = Release;
		};
		DBA552142BBF0FDE0071A2DC /* Debug */ = {
			isa = XCBuildConfiguration;
			buildSettings = {
				ASSETCATALOG_COMPILER_APPICON_NAME = AppIcon;
				ASSETCATALOG_COMPILER_GLOBAL_ACCENT_COLOR_NAME = AccentColor;
				CODE_SIGN_STYLE = Automatic;
				CURRENT_PROJECT_VERSION = 1;
				DEVELOPMENT_TEAM = H2Y45B42QT;
				GENERATE_INFOPLIST_FILE = YES;
				INFOPLIST_FILE = InstagridLastVersion/Info.plist;
				INFOPLIST_KEY_UIApplicationSupportsIndirectInputEvents = YES;
				INFOPLIST_KEY_UILaunchStoryboardName = LaunchScreen;
				INFOPLIST_KEY_UIMainStoryboardFile = Main;
				INFOPLIST_KEY_UISupportedInterfaceOrientations_iPad = "UIInterfaceOrientationPortrait UIInterfaceOrientationPortraitUpsideDown UIInterfaceOrientationLandscapeLeft UIInterfaceOrientationLandscapeRight";
				INFOPLIST_KEY_UISupportedInterfaceOrientations_iPhone = "UIInterfaceOrientationPortrait UIInterfaceOrientationLandscapeLeft UIInterfaceOrientationLandscapeRight";
				IPHONEOS_DEPLOYMENT_TARGET = 14.0;
				LD_RUNPATH_SEARCH_PATHS = (
					"$(inherited)",
					"@executable_path/Frameworks",
				);
				MARKETING_VERSION = 1.0;
				PRODUCT_BUNDLE_IDENTIFIER = com.openclassroom.InstagridLastVersion;
				PRODUCT_NAME = "$(TARGET_NAME)";
				SUPPORTED_PLATFORMS = "iphoneos iphonesimulator";
				SUPPORTS_MACCATALYST = NO;
				SUPPORTS_MAC_DESIGNED_FOR_IPHONE_IPAD = NO;
				SWIFT_EMIT_LOC_STRINGS = YES;
				SWIFT_VERSION = 5.0;
				TARGETED_DEVICE_FAMILY = 1;
			};
			name = Debug;
		};
		DBA552152BBF0FDE0071A2DC /* Release */ = {
			isa = XCBuildConfiguration;
			buildSettings = {
				ASSETCATALOG_COMPILER_APPICON_NAME = AppIcon;
				ASSETCATALOG_COMPILER_GLOBAL_ACCENT_COLOR_NAME = AccentColor;
				CODE_SIGN_STYLE = Automatic;
				CURRENT_PROJECT_VERSION = 1;
				DEVELOPMENT_TEAM = H2Y45B42QT;
				GENERATE_INFOPLIST_FILE = YES;
				INFOPLIST_FILE = InstagridLastVersion/Info.plist;
				INFOPLIST_KEY_UIApplicationSupportsIndirectInputEvents = YES;
				INFOPLIST_KEY_UILaunchStoryboardName = LaunchScreen;
				INFOPLIST_KEY_UIMainStoryboardFile = Main;
				INFOPLIST_KEY_UISupportedInterfaceOrientations_iPad = "UIInterfaceOrientationPortrait UIInterfaceOrientationPortraitUpsideDown UIInterfaceOrientationLandscapeLeft UIInterfaceOrientationLandscapeRight";
				INFOPLIST_KEY_UISupportedInterfaceOrientations_iPhone = "UIInterfaceOrientationPortrait UIInterfaceOrientationLandscapeLeft UIInterfaceOrientationLandscapeRight";
				IPHONEOS_DEPLOYMENT_TARGET = 14.0;
				LD_RUNPATH_SEARCH_PATHS = (
					"$(inherited)",
					"@executable_path/Frameworks",
				);
				MARKETING_VERSION = 1.0;
				PRODUCT_BUNDLE_IDENTIFIER = com.openclassroom.InstagridLastVersion;
				PRODUCT_NAME = "$(TARGET_NAME)";
				SUPPORTED_PLATFORMS = "iphoneos iphonesimulator";
				SUPPORTS_MACCATALYST = NO;
				SUPPORTS_MAC_DESIGNED_FOR_IPHONE_IPAD = NO;
				SWIFT_EMIT_LOC_STRINGS = YES;
				SWIFT_VERSION = 5.0;
				TARGETED_DEVICE_FAMILY = 1;
			};
			name = Release;
		};
/* End XCBuildConfiguration section */

/* Begin XCConfigurationList section */
		DBA551F72BBF0FDC0071A2DC /* Build configuration list for PBXProject "InstagridLastVersion" */ = {
			isa = XCConfigurationList;
			buildConfigurations = (
				DBA552112BBF0FDE0071A2DC /* Debug */,
				DBA552122BBF0FDE0071A2DC /* Release */,
			);
			defaultConfigurationIsVisible = 0;
			defaultConfigurationName = Release;
		};
		DBA552132BBF0FDE0071A2DC /* Build configuration list for PBXNativeTarget "InstagridLastVersion" */ = {
			isa = XCConfigurationList;
			buildConfigurations = (
				DBA552142BBF0FDE0071A2DC /* Debug */,
				DBA552152BBF0FDE0071A2DC /* Release */,
			);
			defaultConfigurationIsVisible = 0;
			defaultConfigurationName = Release;
		};
/* End XCConfigurationList section */
	};
	rootObject = DBA551F42BBF0FDC0071A2DC /* Project object */;
}
